
Microsoft Visual Studio Solution File, Format Version 12.00
# Visual Studio Version 17
VisualStudioVersion = 17.3.32811.315
MinimumVisualStudioVersion = 10.0.40219.1
Project("{FAE04EC0-301F-11D3-BF4B-00C04F79EFBC}") = "kugli", "kugli\kugli.csproj", "{2029EE39-CDD0-4B07-845D-3CC00F343624}"
EndProject
Global
	GlobalSection(SolutionConfigurationPlatforms) = preSolution
		Debug|Any CPU = Debug|Any CPU
		Release|Any CPU = Release|Any CPU
	EndGlobalSection
	GlobalSection(ProjectConfigurationPlatforms) = postSolution
		{2029EE39-CDD0-4B07-845D-3CC00F343624}.Debug|Any CPU.ActiveCfg = Debug|Any CPU
		{2029EE39-CDD0-4B07-845D-3CC00F343624}.Debug|Any CPU.Build.0 = Debug|Any CPU
		{2029EE39-CDD0-4B07-845D-3CC00F343624}.Release|Any CPU.ActiveCfg = Release|Any CPU
		{2029EE39-CDD0-4B07-845D-3CC00F343624}.Release|Any CPU.Build.0 = Release|Any CPU
	EndGlobalSection
	GlobalSection(SolutionProperties) = preSolution
		HideSolutionNode = FALSE
	EndGlobalSection
	GlobalSection(ExtensibilityGlobals) = postSolution
		SolutionGuid = {BBAE5E3C-A395-480A-BA81-E7F4354BCC5E}
	EndGlobalSection
EndGlobal
